
Microsoft Visual Studio Solution File, Format Version 12.00
# Visual Studio Version 17
VisualStudioVersion = 17.8.34525.116
MinimumVisualStudioVersion = 10.0.40219.1
Project("{FAE04EC0-301F-11D3-BF4B-00C04F79EFBC}") = "petstore", "petstore.csproj", "{D5A05C02-60A9-4EF4-B59C-90DAB9EEBA7B}"
EndProject
Global
	GlobalSection(SolutionConfigurationPlatforms) = preSolution
		Debug|Any CPU = Debug|Any CPU
		Release|Any CPU = Release|Any CPU
	EndGlobalSection
	GlobalSection(ProjectConfigurationPlatforms) = postSolution
		{D5A05C02-60A9-4EF4-B59C-90DAB9EEBA7B}.Debug|Any CPU.ActiveCfg = Debug|Any CPU
		{D5A05C02-60A9-4EF4-B59C-90DAB9EEBA7B}.Debug|Any CPU.Build.0 = Debug|Any CPU
		{D5A05C02-60A9-4EF4-B59C-90DAB9EEBA7B}.Release|Any CPU.ActiveCfg = Release|Any CPU
		{D5A05C02-60A9-4EF4-B59C-90DAB9EEBA7B}.Release|Any CPU.Build.0 = Release|Any CPU
	EndGlobalSection
	GlobalSection(SolutionProperties) = preSolution
		HideSolutionNode = FALSE
	EndGlobalSection
	GlobalSection(ExtensibilityGlobals) = postSolution
		SolutionGuid = {02E0F1DD-1DC3-441B-9AC5-130DA8A42921}
	EndGlobalSection
EndGlobal
